
Microsoft Visual Studio Solution File, Format Version 12.00
# Visual Studio Version 16
VisualStudioVersion = 16.0.28822.285
MinimumVisualStudioVersion = 10.0.40219.1
Project("{FAE04EC0-301F-11D3-BF4B-00C04F79EFBC}") = "PlayerSDK", "PlayerSDK\PlayerSDK.csproj", "{577718B9-0395-45A3-91B6-67D17A839EDE}"
EndProject
Global
	GlobalSection(SolutionConfigurationPlatforms) = preSolution
		Debug|Any CPU = Debug|Any CPU
		Release|Any CPU = Release|Any CPU
	EndGlobalSection
	GlobalSection(ProjectConfigurationPlatforms) = postSolution
		{577718B9-0395-45A3-91B6-67D17A839EDE}.Debug|Any CPU.ActiveCfg = Debug|Any CPU
		{577718B9-0395-45A3-91B6-67D17A839EDE}.Debug|Any CPU.Build.0 = Debug|Any CPU
		{577718B9-0395-45A3-91B6-67D17A839EDE}.Release|Any CPU.ActiveCfg = Release|Any CPU
		{577718B9-0395-45A3-91B6-67D17A839EDE}.Release|Any CPU.Build.0 = Release|Any CPU
	EndGlobalSection
	GlobalSection(SolutionProperties) = preSolution
		HideSolutionNode = FALSE
	EndGlobalSection
	GlobalSection(ExtensibilityGlobals) = postSolution
		SolutionGuid = {C3252574-C3A5-41C4-A518-9F8FCA2C1D0C}
	EndGlobalSection
EndGlobal
