
Microsoft Visual Studio Solution File, Format Version 12.00
# Visual Studio Version 16
VisualStudioVersion = 16.0.29001.49
MinimumVisualStudioVersion = 10.0.40219.1
Project("{FAE04EC0-301F-11D3-BF4B-00C04F79EFBC}") = "CookieBar2", "CookieBar2\CookieBar2.csproj", "{35BC1A34-C5B5-4D82-88DD-3E42075A7935}"
EndProject
Global
	GlobalSection(SolutionConfigurationPlatforms) = preSolution
		Debug|Any CPU = Debug|Any CPU
		Release|Any CPU = Release|Any CPU
	EndGlobalSection
	GlobalSection(ProjectConfigurationPlatforms) = postSolution
		{35BC1A34-C5B5-4D82-88DD-3E42075A7935}.Debug|Any CPU.ActiveCfg = Debug|Any CPU
		{35BC1A34-C5B5-4D82-88DD-3E42075A7935}.Debug|Any CPU.Build.0 = Debug|Any CPU
		{35BC1A34-C5B5-4D82-88DD-3E42075A7935}.Release|Any CPU.ActiveCfg = Release|Any CPU
		{35BC1A34-C5B5-4D82-88DD-3E42075A7935}.Release|Any CPU.Build.0 = Release|Any CPU
	EndGlobalSection
	GlobalSection(SolutionProperties) = preSolution
		HideSolutionNode = FALSE
	EndGlobalSection
	GlobalSection(ExtensibilityGlobals) = postSolution
		SolutionGuid = {717D2DB4-71C2-4044-AAA9-547BC1893FDD}
	EndGlobalSection
EndGlobal
